
Microsoft Visual Studio Solution File, Format Version 12.00
# Visual Studio Version 17
VisualStudioVersion = 17.1.32319.34
MinimumVisualStudioVersion = 10.0.40219.1
Project("{9A19103F-16F7-4668-BE54-9A1E7A4F7556}") = "PhpbbInDotnet.Forum", "PhpbbInDotnet.Forum\PhpbbInDotnet.Forum.csproj", "{147E5805-3F1B-441F-9E01-B78D8ADC5C9C}"
EndProject
Project("{9A19103F-16F7-4668-BE54-9A1E7A4F7556}") = "PhpbbInDotnet.Services", "PhpbbInDotnet.Services\PhpbbInDotnet.Services.csproj", "{B3B631B5-562E-43B8-B257-E5F2AB0669F2}"
EndProject
Project("{9A19103F-16F7-4668-BE54-9A1E7A4F7556}") = "PhpbbInDotnet.Database", "PhpbbInDotnet.Database\PhpbbInDotnet.Database.csproj", "{A3FDD6FA-9F66-4FCF-94B6-54B1BBC8C6B4}"
EndProject
Project("{2150E333-8FDC-42A3-9474-1A3956D46DE8}") = "Solution Items", "Solution Items", "{51DF4AF8-F47B-45DE-86AC-1611A648F29C}"
	ProjectSection(SolutionItems) = preProject
		.gitignore = .gitignore
		Directory.Build.props = Directory.Build.props
		README.md = README.md
	EndProjectSection
EndProject
Project("{9A19103F-16F7-4668-BE54-9A1E7A4F7556}") = "PhpbbInDotnet.Objects", "PhpbbInDotnet.Objects\PhpbbInDotnet.Objects.csproj", "{C5CB22A5-1913-4D57-A783-FC8D7E09FABB}"
EndProject
Project("{9A19103F-16F7-4668-BE54-9A1E7A4F7556}") = "PhpbbInDotnet.Languages", "PhpbbInDotnet.Languages\PhpbbInDotnet.Languages.csproj", "{4C626DB9-7EE7-482B-93A5-0236645DC999}"
EndProject
Project("{9A19103F-16F7-4668-BE54-9A1E7A4F7556}") = "PhpbbInDotnet.Database.SetupApp", "PhpbbInDotnet.Database.SetupApp\PhpbbInDotnet.Database.SetupApp.csproj", "{CE12B216-F331-43DB-B792-DA168596A5F4}"
EndProject
Project("{2150E333-8FDC-42A3-9474-1A3956D46DE8}") = "Tests", "Tests", "{46F225D0-0B80-4B22-8900-B7F0C31290DA}"
EndProject
Project("{9A19103F-16F7-4668-BE54-9A1E7A4F7556}") = "PhpbbInDotnet.Services.UnitTests", "Tests\PhpbbInDotnet.Services.UnitTests\PhpbbInDotnet.Services.UnitTests.csproj", "{68A63359-5C25-4D67-9BFC-88FEEAF58CF9}"
EndProject
Project("{9A19103F-16F7-4668-BE54-9A1E7A4F7556}") = "PhpbbInDotnet.Domain", "PhpbbInDotnet.Domain\PhpbbInDotnet.Domain.csproj", "{2075505E-85E5-4BF1-A37C-71C931625853}"
EndProject
Project("{FAE04EC0-301F-11D3-BF4B-00C04F79EFBC}") = "PhpbbInDotnet.RecurringTasks", "PhpbbInDotnet.RecurringTasks\PhpbbInDotnet.RecurringTasks.csproj", "{4C4F3852-20FE-4F99-BDA6-427DF47B7AE0}"
EndProject
Global
	GlobalSection(SolutionConfigurationPlatforms) = preSolution
		Debug|Any CPU = Debug|Any CPU
		Release|Any CPU = Release|Any CPU
	EndGlobalSection
	GlobalSection(ProjectConfigurationPlatforms) = postSolution
		{147E5805-3F1B-441F-9E01-B78D8ADC5C9C}.Debug|Any CPU.ActiveCfg = Debug|Any CPU
		{147E5805-3F1B-441F-9E01-B78D8ADC5C9C}.Debug|Any CPU.Build.0 = Debug|Any CPU
		{147E5805-3F1B-441F-9E01-B78D8ADC5C9C}.Release|Any CPU.ActiveCfg = Release|Any CPU
		{147E5805-3F1B-441F-9E01-B78D8ADC5C9C}.Release|Any CPU.Build.0 = Release|Any CPU
		{B3B631B5-562E-43B8-B257-E5F2AB0669F2}.Debug|Any CPU.ActiveCfg = Debug|Any CPU
		{B3B631B5-562E-43B8-B257-E5F2AB0669F2}.Debug|Any CPU.Build.0 = Debug|Any CPU
		{B3B631B5-562E-43B8-B257-E5F2AB0669F2}.Release|Any CPU.ActiveCfg = Release|Any CPU
		{B3B631B5-562E-43B8-B257-E5F2AB0669F2}.Release|Any CPU.Build.0 = Release|Any CPU
		{A3FDD6FA-9F66-4FCF-94B6-54B1BBC8C6B4}.Debug|Any CPU.ActiveCfg = Debug|Any CPU
		{A3FDD6FA-9F66-4FCF-94B6-54B1BBC8C6B4}.Debug|Any CPU.Build.0 = Debug|Any CPU
		{A3FDD6FA-9F66-4FCF-94B6-54B1BBC8C6B4}.Release|Any CPU.ActiveCfg = Release|Any CPU
		{A3FDD6FA-9F66-4FCF-94B6-54B1BBC8C6B4}.Release|Any CPU.Build.0 = Release|Any CPU
		{C5CB22A5-1913-4D57-A783-FC8D7E09FABB}.Debug|Any CPU.ActiveCfg = Debug|Any CPU
		{C5CB22A5-1913-4D57-A783-FC8D7E09FABB}.Debug|Any CPU.Build.0 = Debug|Any CPU
		{C5CB22A5-1913-4D57-A783-FC8D7E09FABB}.Release|Any CPU.ActiveCfg = Release|Any CPU
		{C5CB22A5-1913-4D57-A783-FC8D7E09FABB}.Release|Any CPU.Build.0 = Release|Any CPU
		{4C626DB9-7EE7-482B-93A5-0236645DC999}.Debug|Any CPU.ActiveCfg = Debug|Any CPU
		{4C626DB9-7EE7-482B-93A5-0236645DC999}.Debug|Any CPU.Build.0 = Debug|Any CPU
		{4C626DB9-7EE7-482B-93A5-0236645DC999}.Release|Any CPU.ActiveCfg = Release|Any CPU
		{4C626DB9-7EE7-482B-93A5-0236645DC999}.Release|Any CPU.Build.0 = Release|Any CPU
		{CE12B216-F331-43DB-B792-DA168596A5F4}.Debug|Any CPU.ActiveCfg = Debug|Any CPU
		{CE12B216-F331-43DB-B792-DA168596A5F4}.Debug|Any CPU.Build.0 = Debug|Any CPU
		{CE12B216-F331-43DB-B792-DA168596A5F4}.Release|Any CPU.ActiveCfg = Release|Any CPU
		{CE12B216-F331-43DB-B792-DA168596A5F4}.Release|Any CPU.Build.0 = Release|Any CPU
		{68A63359-5C25-4D67-9BFC-88FEEAF58CF9}.Debug|Any CPU.ActiveCfg = Debug|Any CPU
		{68A63359-5C25-4D67-9BFC-88FEEAF58CF9}.Debug|Any CPU.Build.0 = Debug|Any CPU
		{68A63359-5C25-4D67-9BFC-88FEEAF58CF9}.Release|Any CPU.ActiveCfg = Release|Any CPU
		{68A63359-5C25-4D67-9BFC-88FEEAF58CF9}.Release|Any CPU.Build.0 = Release|Any CPU
		{2075505E-85E5-4BF1-A37C-71C931625853}.Debug|Any CPU.ActiveCfg = Debug|Any CPU
		{2075505E-85E5-4BF1-A37C-71C931625853}.Debug|Any CPU.Build.0 = Debug|Any CPU
		{2075505E-85E5-4BF1-A37C-71C931625853}.Release|Any CPU.ActiveCfg = Release|Any CPU
		{2075505E-85E5-4BF1-A37C-71C931625853}.Release|Any CPU.Build.0 = Release|Any CPU
		{4C4F3852-20FE-4F99-BDA6-427DF47B7AE0}.Debug|Any CPU.ActiveCfg = Debug|Any CPU
		{4C4F3852-20FE-4F99-BDA6-427DF47B7AE0}.Debug|Any CPU.Build.0 = Debug|Any CPU
		{4C4F3852-20FE-4F99-BDA6-427DF47B7AE0}.Release|Any CPU.ActiveCfg = Release|Any CPU
		{4C4F3852-20FE-4F99-BDA6-427DF47B7AE0}.Release|Any CPU.Build.0 = Release|Any CPU
	EndGlobalSection
	GlobalSection(SolutionProperties) = preSolution
		HideSolutionNode = FALSE
	EndGlobalSection
	GlobalSection(NestedProjects) = preSolution
		{68A63359-5C25-4D67-9BFC-88FEEAF58CF9} = {46F225D0-0B80-4B22-8900-B7F0C31290DA}
	EndGlobalSection
	GlobalSection(ExtensibilityGlobals) = postSolution
		SolutionGuid = {480BB1F0-8DB2-49F1-BD95-171B1AF0A8C0}
	EndGlobalSection
EndGlobal
